# This is a Gradle generated file for dependency locking.
# Manual edits can break the build and are not advised.
# This file is expected to be part of source control.
antlr:antlr:2.7.7=pitest
ch.qos.logback:logback-classic:1.5.32=compileClasspath,productionRuntimeClasspath,runtimeClasspath,testCompileClasspath,testRuntimeClasspath,tmpTestImplementation
ch.qos.logback:logback-core:1.5.32=compileClasspath,productionRuntimeClasspath,runtimeClasspath,testCompileClasspath,testRuntimeClasspath,tmpTestImplementation
com.atlassian.oai:swagger-request-validator-core:2.46.1=testCompileClasspath,testRuntimeClasspath,tmpTestImplementation
com.atlassian.oai:swagger-request-validator-mockmvc:2.46.1=testCompileClasspath,testRuntimeClasspath,tmpTestImplementation
com.bucket4j:bucket4j-core:8.10.1=compileClasspath,productionRuntimeClasspath,runtimeClasspath,testCompileClasspath,testRuntimeClasspath
com.fasterxml.jackson.core:jackson-annotations:2.21=compileClasspath,productionRuntimeClasspath,runtimeClasspath,testCompileClasspath,testRuntimeClasspath,tmpTestImplementation
com.fasterxml.jackson.core:jackson-core:2.21.2=compileClasspath,productionRuntimeClasspath,runtimeClasspath,testCompileClasspath,testRuntimeClasspath,tmpTestImplementation
com.fasterxml.jackson.core:jackson-databind:2.21.2=compileClasspath,productionRuntimeClasspath,runtimeClasspath,testCompileClasspath,testRuntimeClasspath,tmpTestImplementation
com.fasterxml.jackson.dataformat:jackson-dataformat-toml:2.21.2=compileClasspath,productionRuntimeClasspath,runtimeClasspath,testCompileClasspath,testRuntimeClasspath
com.fasterxml.jackson.dataformat:jackson-dataformat-yaml:2.21.2=testCompileClasspath,testRuntimeClasspath,tmpTestImplementation
com.fasterxml.jackson.datatype:jackson-datatype-jdk8:2.21.2=compileClasspath,productionRuntimeClasspath,runtimeClasspath,testCompileClasspath,testRuntimeClasspath,tmpTestImplementation
com.fasterxml.jackson.datatype:jackson-datatype-jsr310:2.21.2=compileClasspath,productionRuntimeClasspath,runtimeClasspath,testCompileClasspath,testRuntimeClasspath,tmpTestImplementation
com.fasterxml.jackson.module:jackson-module-parameter-names:2.21.2=compileClasspath,productionRuntimeClasspath,runtimeClasspath,testCompileClasspath,testRuntimeClasspath
com.fasterxml.jackson:jackson-bom:2.21.2=compileClasspath,productionRuntimeClasspath,runtimeClasspath,testCompileClasspath,testRuntimeClasspath,tmpTestImplementation
com.fasterxml:classmate:1.7.3=compileClasspath,productionRuntimeClasspath,runtimeClasspath,testCompileClasspath,testRuntimeClasspath
com.github.ben-manes.caffeine:caffeine:3.2.0=compileClasspath,productionRuntimeClasspath,runtimeClasspath,testCompileClasspath,testRuntimeClasspath
com.github.ben-manes.caffeine:caffeine:3.2.3=annotationProcessor,testAnnotationProcessor
com.github.docker-java:docker-java-api:3.4.2=testCompileClasspath,testRuntimeClasspath,tmpTestImplementation
com.github.docker-java:docker-java-transport-zerodep:3.4.2=testCompileClasspath,testRuntimeClasspath,tmpTestImplementation
com.github.docker-java:docker-java-transport:3.4.2=testCompileClasspath,testRuntimeClasspath,tmpTestImplementation
com.github.java-json-tools:btf:1.3=testCompileClasspath,testRuntimeClasspath,tmpTestImplementation
com.github.java-json-tools:jackson-coreutils-equivalence:1.0=testCompileClasspath,testRuntimeClasspath,tmpTestImplementation
com.github.java-json-tools:jackson-coreutils:2.0=testCompileClasspath,testRuntimeClasspath,tmpTestImplementation
com.github.java-json-tools:json-patch:1.13=testCompileClasspath,testRuntimeClasspath,tmpTestImplementation
com.github.java-json-tools:json-schema-core:1.2.14=testCompileClasspath,testRuntimeClasspath,tmpTestImplementation
com.github.java-json-tools:json-schema-validator:2.2.14=testCompileClasspath,testRuntimeClasspath,tmpTestImplementation
com.github.java-json-tools:msg-simple:1.2=testCompileClasspath,testRuntimeClasspath,tmpTestImplementation
com.github.java-json-tools:uri-template:0.10=testCompileClasspath,testRuntimeClasspath,tmpTestImplementation
com.github.kevinstern:software-and-algorithms:1.0=annotationProcessor,testAnnotationProcessor
com.github.oowekyala.ooxml:nice-xml-messages:3.1=pmd
com.github.spotbugs:spotbugs-annotations:4.8.6=compileClasspath,spotbugs,testCompileClasspath
com.github.spotbugs:spotbugs:4.8.6=spotbugs
com.github.stephenc.jcip:jcip-annotations:1.0-1=spotbugs
com.google.android:annotations:4.1.1.4=productionRuntimeClasspath,runtimeClasspath,testRuntimeClasspath
com.google.api-client:google-api-client-gson:2.7.0=compileClasspath,productionRuntimeClasspath,runtimeClasspath,testCompileClasspath,testRuntimeClasspath
com.google.api-client:google-api-client:2.7.0=compileClasspath,productionRuntimeClasspath,runtimeClasspath,testCompileClasspath,testRuntimeClasspath
com.google.api.grpc:gapic-google-cloud-storage-v2:2.44.1-beta=compileClasspath,productionRuntimeClasspath,runtimeClasspath,testCompileClasspath,testRuntimeClasspath
com.google.api.grpc:grpc-google-cloud-storage-v2:2.44.1-beta=compileClasspath,productionRuntimeClasspath,runtimeClasspath,testCompileClasspath,testRuntimeClasspath
com.google.api.grpc:proto-google-cloud-firestore-v1:3.28.0=compileClasspath,productionRuntimeClasspath,runtimeClasspath,testCompileClasspath,testRuntimeClasspath
com.google.api.grpc:proto-google-cloud-monitoring-v3:3.31.0=compileClasspath,productionRuntimeClasspath,runtimeClasspath,testCompileClasspath,testRuntimeClasspath
com.google.api.grpc:proto-google-cloud-storage-v2:2.44.1-beta=compileClasspath,productionRuntimeClasspath,runtimeClasspath,testCompileClasspath,testRuntimeClasspath
com.google.api.grpc:proto-google-common-protos:2.48.0=compileClasspath,productionRuntimeClasspath,runtimeClasspath,testCompileClasspath,testRuntimeClasspath
com.google.api.grpc:proto-google-iam-v1:1.43.0=compileClasspath,productionRuntimeClasspath,runtimeClasspath,testCompileClasspath,testRuntimeClasspath
com.google.api:api-common:2.40.0=compileClasspath,productionRuntimeClasspath,runtimeClasspath,testCompileClasspath,testRuntimeClasspath
com.google.api:gax-grpc:2.57.0=compileClasspath,productionRuntimeClasspath,runtimeClasspath,testCompileClasspath,testRuntimeClasspath
com.google.api:gax-httpjson:2.57.0=compileClasspath,productionRuntimeClasspath,runtimeClasspath,testCompileClasspath,testRuntimeClasspath
com.google.api:gax:2.57.0=compileClasspath,productionRuntimeClasspath,runtimeClasspath,testCompileClasspath,testRuntimeClasspath
com.google.apis:google-api-services-storage:v1-rev20241008-2.0.0=compileClasspath,productionRuntimeClasspath,runtimeClasspath,testCompileClasspath,testRuntimeClasspath
com.google.auth:google-auth-library-credentials:1.29.0=compileClasspath,productionRuntimeClasspath,runtimeClasspath,testCompileClasspath,testRuntimeClasspath
com.google.auth:google-auth-library-oauth2-http:1.29.0=compileClasspath,productionRuntimeClasspath,runtimeClasspath,testCompileClasspath,testRuntimeClasspath
com.google.auto.service:auto-service-annotations:1.0.1=annotationProcessor,testAnnotationProcessor
com.google.auto.value:auto-value-annotations:1.11.0=compileClasspath,productionRuntimeClasspath,runtimeClasspath,testCompileClasspath,testRuntimeClasspath
com.google.auto.value:auto-value-annotations:1.9=annotationProcessor,testAnnotationProcessor
com.google.auto:auto-common:1.2.2=annotationProcessor,testAnnotationProcessor
com.google.cloud.opentelemetry:detector-resources-support:0.32.0=productionRuntimeClasspath,runtimeClasspath,testRuntimeClasspath
com.google.cloud.opentelemetry:exporter-metrics:0.31.0=compileClasspath,productionRuntimeClasspath,runtimeClasspath,testCompileClasspath,testRuntimeClasspath
com.google.cloud.opentelemetry:shared-resourcemapping:0.32.0=productionRuntimeClasspath,runtimeClasspath,testRuntimeClasspath
com.google.cloud:google-cloud-core-grpc:2.47.0=compileClasspath,productionRuntimeClasspath,runtimeClasspath,testCompileClasspath,testRuntimeClasspath
com.google.cloud:google-cloud-core-http:2.47.0=compileClasspath,productionRuntimeClasspath,runtimeClasspath,testCompileClasspath,testRuntimeClasspath
com.google.cloud:google-cloud-core:2.47.0=compileClasspath,productionRuntimeClasspath,runtimeClasspath,testCompileClasspath,testRuntimeClasspath
com.google.cloud:google-cloud-firestore:3.28.0=compileClasspath,productionRuntimeClasspath,runtimeClasspath,testCompileClasspath,testRuntimeClasspath
com.google.cloud:google-cloud-monitoring:3.31.0=compileClasspath,productionRuntimeClasspath,runtimeClasspath,testCompileClasspath,testRuntimeClasspath
com.google.cloud:google-cloud-storage:2.44.1=compileClasspath,productionRuntimeClasspath,runtimeClasspath,testCompileClasspath,testRuntimeClasspath
com.google.cloud:libraries-bom:26.26.0=productionRuntimeClasspath,runtimeClasspath,testRuntimeClasspath
com.google.cloud:proto-google-cloud-firestore-bundle-v1:3.28.0=compileClasspath,productionRuntimeClasspath,runtimeClasspath,testCompileClasspath,testRuntimeClasspath
com.google.code.findbugs:jsr305:3.0.2=annotationProcessor,checkstyle,compileClasspath,productionRuntimeClasspath,runtimeClasspath,spotbugs,testAnnotationProcessor,testCompileClasspath,testRuntimeClasspath,tmpTestImplementation
com.google.code.gson:gson:2.13.2=compileClasspath,pmd,productionRuntimeClasspath,runtimeClasspath,spotbugs,testCompileClasspath,testRuntimeClasspath
com.google.errorprone:error_prone_annotation:2.36.0=annotationProcessor,testAnnotationProcessor
com.google.errorprone:error_prone_annotations:2.36.0=checkstyle,compileClasspath,productionRuntimeClasspath,runtimeClasspath
com.google.errorprone:error_prone_annotations:2.41.0=pmd,spotbugs,testCompileClasspath,testRuntimeClasspath,tmpTestImplementation
com.google.errorprone:error_prone_annotations:2.43.0=annotationProcessor,testAnnotationProcessor
com.google.errorprone:error_prone_check_api:2.36.0=annotationProcessor,testAnnotationProcessor
com.google.errorprone:error_prone_core:2.36.0=annotationProcessor,testAnnotationProcessor
com.google.errorprone:error_prone_type_annotations:2.36.0=annotationProcessor,testAnnotationProcessor
com.google.errorprone:javac:9+181-r4173-1=errorproneJavac
com.google.firebase:firebase-admin:9.4.2=compileClasspath,productionRuntimeClasspath,runtimeClasspath,testCompileClasspath,testRuntimeClasspath
com.google.googlejavaformat:google-java-format:1.19.1=annotationProcessor,testAnnotationProcessor
com.google.guava:failureaccess:1.0.1=annotationProcessor,testAnnotationProcessor
com.google.guava:failureaccess:1.0.2=checkstyle,compileClasspath,productionRuntimeClasspath,runtimeClasspath
com.google.guava:failureaccess:1.0.3=testCompileClasspath,testRuntimeClasspath,tmpTestImplementation
com.google.guava:guava:32.1.3-jre=annotationProcessor,testAnnotationProcessor
com.google.guava:guava:33.3.1-jre=compileClasspath,productionRuntimeClasspath,runtimeClasspath
com.google.guava:guava:33.4.0-jre=checkstyle
com.google.guava:guava:33.5.0-jre=testCompileClasspath,testRuntimeClasspath,tmpTestImplementation
com.google.guava:listenablefuture:9999.0-empty-to-avoid-conflict-with-guava=annotationProcessor,checkstyle,compileClasspath,productionRuntimeClasspath,runtimeClasspath,testAnnotationProcessor,testCompileClasspath,testRuntimeClasspath,tmpTestImplementation
com.google.http-client:google-http-client-apache-v2:1.45.0=compileClasspath,productionRuntimeClasspath,runtimeClasspath,testCompileClasspath,testRuntimeClasspath
com.google.http-client:google-http-client-appengine:1.45.0=compileClasspath,productionRuntimeClasspath,runtimeClasspath,testCompileClasspath,testRuntimeClasspath
com.google.http-client:google-http-client-gson:1.45.0=compileClasspath,productionRuntimeClasspath,runtimeClasspath,testCompileClasspath,testRuntimeClasspath
com.google.http-client:google-http-client-jackson2:1.45.0=compileClasspath,productionRuntimeClasspath,runtimeClasspath,testCompileClasspath,testRuntimeClasspath
com.google.http-client:google-http-client:1.45.0=compileClasspath,productionRuntimeClasspath,runtimeClasspath,testCompileClasspath,testRuntimeClasspath
com.google.j2objc:j2objc-annotations:3.0.0=checkstyle,compileClasspath,productionRuntimeClasspath,runtimeClasspath
com.google.j2objc:j2objc-annotations:3.1=testCompileClasspath,testRuntimeClasspath,tmpTestImplementation
com.google.oauth-client:google-oauth-client:1.36.0=compileClasspath,productionRuntimeClasspath,runtimeClasspath,testCompileClasspath,testRuntimeClasspath
com.google.protobuf:protobuf-java-util:3.25.5=compileClasspath,productionRuntimeClasspath,runtimeClasspath,testCompileClasspath,testRuntimeClasspath
com.google.protobuf:protobuf-java:3.25.5=annotationProcessor,compileClasspath,productionRuntimeClasspath,runtimeClasspath,testAnnotationProcessor,testCompileClasspath,testRuntimeClasspath
com.google.re2j:re2j:1.7=productionRuntimeClasspath,runtimeClasspath,testRuntimeClasspath
com.googlecode.libphonenumber:libphonenumber:8.11.1=testCompileClasspath,testRuntimeClasspath,tmpTestImplementation
com.h3xstream.findsecbugs:findsecbugs-plugin:1.13.0=spotbugsPlugins
com.jayway.jsonpath:json-path:2.9.0=testCompileClasspath,testRuntimeClasspath,tmpTestImplementation
com.puppycrawl.tools:checkstyle:10.21.2=checkstyle
com.rabbitmq:amqp-client:5.25.0=compileClasspath,productionRuntimeClasspath,runtimeClasspath,testCompileClasspath,testRuntimeClasspath
com.sun.mail:mailapi:1.6.2=testCompileClasspath,testRuntimeClasspath,tmpTestImplementation
com.tngtech.archunit:archunit-junit5-api:1.4.1=testCompileClasspath,testRuntimeClasspath,tmpTestImplementation
com.tngtech.archunit:archunit-junit5-engine-api:1.4.1=testRuntimeClasspath,tmpTestImplementation
com.tngtech.archunit:archunit-junit5-engine:1.4.1=testRuntimeClasspath,tmpTestImplementation
com.tngtech.archunit:archunit-junit5:1.4.1=testCompileClasspath,testRuntimeClasspath,tmpTestImplementation
com.tngtech.archunit:archunit:1.4.1=testCompileClasspath,testRuntimeClasspath,tmpTestImplementation
com.vaadin.external.google:android-json:0.0.20131108.vaadin1=testCompileClasspath,testRuntimeClasspath,tmpTestImplementation
com.zaxxer:HikariCP:6.3.3=compileClasspath,productionRuntimeClasspath,runtimeClasspath,testCompileClasspath,testRuntimeClasspath
commons-beanutils:commons-beanutils:1.10.0=checkstyle
commons-codec:commons-codec:1.18.0=compileClasspath,productionRuntimeClasspath,runtimeClasspath,testCompileClasspath,testRuntimeClasspath,tmpTestImplementation
commons-collections:commons-collections:3.2.2=checkstyle
commons-io:commons-io:2.20.0=testCompileClasspath,testRuntimeClasspath,tmpTestImplementation
commons-logging:commons-logging:1.2=compileClasspath,productionRuntimeClasspath,runtimeClasspath,testCompileClasspath,testRuntimeClasspath,tmpTestImplementation
info.picocli:picocli:4.7.6=checkstyle
io.github.eisop:dataflow-errorprone:3.41.0-eisop1=annotationProcessor,testAnnotationProcessor
io.github.java-diff-utils:java-diff-utils:4.12=annotationProcessor,testAnnotationProcessor
io.grpc:grpc-alts:1.67.1=compileClasspath,productionRuntimeClasspath,runtimeClasspath,testCompileClasspath,testRuntimeClasspath
io.grpc:grpc-api:1.67.1=compileClasspath,productionRuntimeClasspath,runtimeClasspath,testCompileClasspath,testRuntimeClasspath
io.grpc:grpc-auth:1.67.1=compileClasspath,productionRuntimeClasspath,runtimeClasspath,testCompileClasspath,testRuntimeClasspath
io.grpc:grpc-context:1.67.1=compileClasspath,productionRuntimeClasspath,runtimeClasspath,testCompileClasspath,testRuntimeClasspath
io.grpc:grpc-core:1.67.1=compileClasspath,productionRuntimeClasspath,runtimeClasspath,testCompileClasspath,testRuntimeClasspath
io.grpc:grpc-googleapis:1.67.1=productionRuntimeClasspath,runtimeClasspath,testRuntimeClasspath
io.grpc:grpc-grpclb:1.67.1=compileClasspath,productionRuntimeClasspath,runtimeClasspath,testCompileClasspath,testRuntimeClasspath
io.grpc:grpc-inprocess:1.67.1=compileClasspath,productionRuntimeClasspath,runtimeClasspath,testCompileClasspath,testRuntimeClasspath
io.grpc:grpc-netty-shaded:1.67.1=compileClasspath,productionRuntimeClasspath,runtimeClasspath,testCompileClasspath,testRuntimeClasspath
io.grpc:grpc-opentelemetry:1.67.1=compileClasspath,productionRuntimeClasspath,runtimeClasspath,testCompileClasspath,testRuntimeClasspath
io.grpc:grpc-protobuf-lite:1.67.1=compileClasspath,productionRuntimeClasspath,runtimeClasspath,testCompileClasspath,testRuntimeClasspath
io.grpc:grpc-protobuf:1.67.1=compileClasspath,productionRuntimeClasspath,runtimeClasspath,testCompileClasspath,testRuntimeClasspath
io.grpc:grpc-rls:1.67.1=productionRuntimeClasspath,runtimeClasspath,testRuntimeClasspath
io.grpc:grpc-services:1.67.1=productionRuntimeClasspath,runtimeClasspath,testRuntimeClasspath
io.grpc:grpc-stub:1.67.1=compileClasspath,productionRuntimeClasspath,runtimeClasspath,testCompileClasspath,testRuntimeClasspath
io.grpc:grpc-util:1.67.1=productionRuntimeClasspath,runtimeClasspath,testRuntimeClasspath
io.grpc:grpc-xds:1.67.1=productionRuntimeClasspath,runtimeClasspath,testRuntimeClasspath
io.jsonwebtoken:jjwt-api:0.13.0=compileClasspath,productionRuntimeClasspath,runtimeClasspath,testCompileClasspath,testRuntimeClasspath
io.jsonwebtoken:jjwt-impl:0.13.0=productionRuntimeClasspath,runtimeClasspath,testRuntimeClasspath
io.jsonwebtoken:jjwt-jackson:0.13.0=productionRuntimeClasspath,runtimeClasspath,testRuntimeClasspath
io.leangen.geantyref:geantyref:2.0.1=compileClasspath,productionRuntimeClasspath,runtimeClasspath,testCompileClasspath,testRuntimeClasspath
io.micrometer:micrometer-commons:1.15.10=compileClasspath,productionRuntimeClasspath,runtimeClasspath,testCompileClasspath,testRuntimeClasspath,tmpTestImplementation
io.micrometer:micrometer-core:1.15.10=compileClasspath,productionRuntimeClasspath,runtimeClasspath,testCompileClasspath,testRuntimeClasspath
io.micrometer:micrometer-jakarta9:1.15.10=compileClasspath,productionRuntimeClasspath,runtimeClasspath,testCompileClasspath,testRuntimeClasspath
io.micrometer:micrometer-observation:1.15.10=compileClasspath,productionRuntimeClasspath,runtimeClasspath,testCompileClasspath,testRuntimeClasspath,tmpTestImplementation
io.micrometer:micrometer-registry-prometheus:1.15.10=compileClasspath,productionRuntimeClasspath,runtimeClasspath,testCompileClasspath,testRuntimeClasspath
io.netty:netty-buffer:4.1.132.Final=compileClasspath,productionRuntimeClasspath,runtimeClasspath,testCompileClasspath,testRuntimeClasspath
io.netty:netty-codec-http2:4.1.132.Final=productionRuntimeClasspath,runtimeClasspath,testRuntimeClasspath
io.netty:netty-codec-http:4.1.132.Final=compileClasspath,productionRuntimeClasspath,runtimeClasspath,testCompileClasspath,testRuntimeClasspath
io.netty:netty-codec:4.1.132.Final=compileClasspath,productionRuntimeClasspath,runtimeClasspath,testCompileClasspath,testRuntimeClasspath
io.netty:netty-common:4.1.132.Final=compileClasspath,productionRuntimeClasspath,runtimeClasspath,testCompileClasspath,testRuntimeClasspath
io.netty:netty-handler:4.1.132.Final=compileClasspath,productionRuntimeClasspath,runtimeClasspath,testCompileClasspath,testRuntimeClasspath
io.netty:netty-resolver:4.1.132.Final=compileClasspath,productionRuntimeClasspath,runtimeClasspath,testCompileClasspath,testRuntimeClasspath
io.netty:netty-transport-classes-epoll:4.1.132.Final=productionRuntimeClasspath,runtimeClasspath,testRuntimeClasspath
io.netty:netty-transport-native-unix-common:4.1.132.Final=compileClasspath,productionRuntimeClasspath,runtimeClasspath,testCompileClasspath,testRuntimeClasspath
io.netty:netty-transport:4.1.132.Final=compileClasspath,productionRuntimeClasspath,runtimeClasspath,testCompileClasspath,testRuntimeClasspath
io.opencensus:opencensus-api:0.31.1=compileClasspath,productionRuntimeClasspath,runtimeClasspath,testCompileClasspath,testRuntimeClasspath
io.opencensus:opencensus-contrib-http-util:0.31.1=compileClasspath,productionRuntimeClasspath,runtimeClasspath,testCompileClasspath,testRuntimeClasspath
io.opencensus:opencensus-proto:0.2.0=productionRuntimeClasspath,runtimeClasspath,testRuntimeClasspath
io.opentelemetry.contrib:opentelemetry-gcp-resources:1.37.0-alpha=compileClasspath,productionRuntimeClasspath,runtimeClasspath,testCompileClasspath,testRuntimeClasspath
io.opentelemetry.instrumentation:opentelemetry-grpc-1.6:2.1.0-alpha=compileClasspath,productionRuntimeClasspath,runtimeClasspath,testCompileClasspath,testRuntimeClasspath
io.opentelemetry.instrumentation:opentelemetry-instrumentation-api-incubator:2.1.0-alpha=compileClasspath,productionRuntimeClasspath,runtimeClasspath,testCompileClasspath,testRuntimeClasspath
io.opentelemetry.instrumentation:opentelemetry-instrumentation-api:2.1.0=compileClasspath,productionRuntimeClasspath,runtimeClasspath,testCompileClasspath,testRuntimeClasspath
io.opentelemetry.semconv:opentelemetry-semconv:1.25.0-alpha=compileClasspath,productionRuntimeClasspath,runtimeClasspath,testCompileClasspath,testRuntimeClasspath
io.opentelemetry:opentelemetry-api-incubator:1.42.1-alpha=productionRuntimeClasspath,runtimeClasspath,testRuntimeClasspath
io.opentelemetry:opentelemetry-api:1.49.0=compileClasspath,productionRuntimeClasspath,runtimeClasspath,testCompileClasspath,testRuntimeClasspath
io.opentelemetry:opentelemetry-bom:1.33.0=productionRuntimeClasspath,runtimeClasspath,testRuntimeClasspath
io.opentelemetry:opentelemetry-context:1.49.0=compileClasspath,productionRuntimeClasspath,runtimeClasspath,testCompileClasspath,testRuntimeClasspath
io.opentelemetry:opentelemetry-extension-incubator:1.35.0-alpha=productionRuntimeClasspath,runtimeClasspath,testRuntimeClasspath
io.opentelemetry:opentelemetry-sdk-common:1.49.0=compileClasspath,productionRuntimeClasspath,runtimeClasspath,testCompileClasspath,testRuntimeClasspath
io.opentelemetry:opentelemetry-sdk-extension-autoconfigure-spi:1.49.0=compileClasspath,productionRuntimeClasspath,runtimeClasspath,testCompileClasspath,testRuntimeClasspath
io.opentelemetry:opentelemetry-sdk-logs:1.49.0=compileClasspath,productionRuntimeClasspath,runtimeClasspath,testCompileClasspath,testRuntimeClasspath
io.opentelemetry:opentelemetry-sdk-metrics:1.49.0=compileClasspath,productionRuntimeClasspath,runtimeClasspath,testCompileClasspath,testRuntimeClasspath
io.opentelemetry:opentelemetry-sdk-trace:1.49.0=compileClasspath,productionRuntimeClasspath,runtimeClasspath,testCompileClasspath,testRuntimeClasspath
io.opentelemetry:opentelemetry-sdk:1.49.0=compileClasspath,productionRuntimeClasspath,runtimeClasspath,testCompileClasspath,testRuntimeClasspath
io.perfmark:perfmark-api:0.27.0=productionRuntimeClasspath,runtimeClasspath,testRuntimeClasspath
io.prometheus:prometheus-metrics-config:1.3.10=compileClasspath,productionRuntimeClasspath,runtimeClasspath,testCompileClasspath,testRuntimeClasspath
io.prometheus:prometheus-metrics-core:1.3.10=compileClasspath,productionRuntimeClasspath,runtimeClasspath,testCompileClasspath,testRuntimeClasspath
io.prometheus:prometheus-metrics-exposition-formats:1.3.10=productionRuntimeClasspath,runtimeClasspath,testRuntimeClasspath
io.prometheus:prometheus-metrics-exposition-textformats:1.3.10=productionRuntimeClasspath,runtimeClasspath,testRuntimeClasspath
io.prometheus:prometheus-metrics-model:1.3.10=compileClasspath,productionRuntimeClasspath,runtimeClasspath,testCompileClasspath,testRuntimeClasspath
io.prometheus:prometheus-metrics-tracer-common:1.3.10=compileClasspath,productionRuntimeClasspath,runtimeClasspath,testCompileClasspath,testRuntimeClasspath
io.swagger.core.v3:swagger-annotations:2.2.37=testCompileClasspath,testRuntimeClasspath,tmpTestImplementation
io.swagger.core.v3:swagger-core:2.2.37=testCompileClasspath,testRuntimeClasspath,tmpTestImplementation
io.swagger.core.v3:swagger-models:2.2.37=testCompileClasspath,testRuntimeClasspath,tmpTestImplementation
io.swagger.parser.v3:swagger-parser-core:2.1.34=testCompileClasspath,testRuntimeClasspath,tmpTestImplementation
io.swagger.parser.v3:swagger-parser-safe-url-resolver:2.1.34=testCompileClasspath,testRuntimeClasspath,tmpTestImplementation
io.swagger.parser.v3:swagger-parser-v2-converter:2.1.34=testCompileClasspath,testRuntimeClasspath,tmpTestImplementation
io.swagger.parser.v3:swagger-parser-v3:2.1.34=testCompileClasspath,testRuntimeClasspath,tmpTestImplementation
io.swagger.parser.v3:swagger-parser:2.1.34=testCompileClasspath,testRuntimeClasspath,tmpTestImplementation
io.swagger:swagger-annotations:1.6.16=testCompileClasspath,testRuntimeClasspath,tmpTestImplementation
io.swagger:swagger-compat-spec-parser:1.0.75=testCompileClasspath,testRuntimeClasspath,tmpTestImplementation
io.swagger:swagger-core:1.6.16=testCompileClasspath,testRuntimeClasspath,tmpTestImplementation
io.swagger:swagger-models:1.6.16=testCompileClasspath,testRuntimeClasspath,tmpTestImplementation
io.swagger:swagger-parser-safe-url-resolver:1.0.75=testCompileClasspath,testRuntimeClasspath,tmpTestImplementation
io.swagger:swagger-parser:1.0.75=testCompileClasspath,testRuntimeClasspath,tmpTestImplementation
jakarta.activation:jakarta.activation-api:2.1.4=testCompileClasspath,testRuntimeClasspath,tmpTestImplementation
jakarta.annotation:jakarta.annotation-api:2.1.1=compileClasspath,productionRuntimeClasspath,runtimeClasspath,testCompileClasspath,testRuntimeClasspath,tmpTestImplementation
jakarta.validation:jakarta.validation-api:3.0.2=compileClasspath,productionRuntimeClasspath,runtimeClasspath,testCompileClasspath,testRuntimeClasspath,tmpTestImplementation
jakarta.xml.bind:jakarta.xml.bind-api:4.0.4=testCompileClasspath,testRuntimeClasspath,tmpTestImplementation
javax.annotation:javax.annotation-api:1.3.2=compileClasspath,productionRuntimeClasspath,runtimeClasspath,testCompileClasspath,testRuntimeClasspath
javax.inject:javax.inject:1=annotationProcessor,testAnnotationProcessor
jaxen:jaxen:2.0.0=spotbugs
joda-time:joda-time:2.10.5=testCompileClasspath,testRuntimeClasspath,tmpTestImplementation
junit:junit:4.13.2=testCompileClasspath,testRuntimeClasspath,tmpTestImplementation
net.bytebuddy:byte-buddy-agent:1.17.8=testCompileClasspath,testRuntimeClasspath,tmpTestImplementation
net.bytebuddy:byte-buddy:1.17.8=testCompileClasspath,testRuntimeClasspath,tmpTestImplementation
net.java.dev.jna:jna:5.13.0=testCompileClasspath,testRuntimeClasspath,tmpTestImplementation
net.javacrumbs.shedlock:shedlock-core:7.7.0=compileClasspath,productionRuntimeClasspath,runtimeClasspath,testCompileClasspath,testRuntimeClasspath
net.javacrumbs.shedlock:shedlock-provider-jdbc-template:7.7.0=compileClasspath,productionRuntimeClasspath,runtimeClasspath,testCompileClasspath,testRuntimeClasspath
net.javacrumbs.shedlock:shedlock-spring:7.7.0=compileClasspath,productionRuntimeClasspath,runtimeClasspath,testCompileClasspath,testRuntimeClasspath
net.javacrumbs.shedlock:shedlock-sql-support:7.7.0=compileClasspath,productionRuntimeClasspath,runtimeClasspath,testCompileClasspath,testRuntimeClasspath
net.logstash.logback:logstash-logback-encoder:8.0=compileClasspath,productionRuntimeClasspath,runtimeClasspath,testCompileClasspath,testRuntimeClasspath
net.minidev:accessors-smart:2.5.2=testCompileClasspath,testRuntimeClasspath,tmpTestImplementation
net.minidev:json-smart:2.5.2=testCompileClasspath,testRuntimeClasspath,tmpTestImplementation
net.sf.jopt-simple:jopt-simple:4.9=pitest
net.sf.jopt-simple:jopt-simple:5.0.4=testCompileClasspath,testRuntimeClasspath,tmpTestImplementation
net.sf.saxon:Saxon-HE:12.4=spotbugs
net.sf.saxon:Saxon-HE:12.5=checkstyle,pmd
net.sourceforge.pmd:pmd-ant:7.9.0=pmd
net.sourceforge.pmd:pmd-core:7.9.0=pmd
net.sourceforge.pmd:pmd-java:7.9.0=pmd
org.antlr:antlr4-runtime:4.13.2=checkstyle
org.antlr:antlr4-runtime:4.9.3=pmd
org.antlr:stringtemplate:3.2.1=pitest
org.apache.bcel:bcel:6.9.0=spotbugs
org.apache.commons:commons-compress:1.24.0=testCompileClasspath,testRuntimeClasspath,tmpTestImplementation
org.apache.commons:commons-lang3:3.17.0=checkstyle,pitest,pmd,spotbugs,testCompileClasspath,testRuntimeClasspath,tmpTestImplementation
org.apache.commons:commons-text:1.10.0=pitest,spotbugs
org.apache.commons:commons-text:1.3=checkstyle
org.apache.httpcomponents.client5:httpclient5:5.5.2=checkstyle,compileClasspath,pmd,productionRuntimeClasspath,runtimeClasspath,spotbugs,testCompileClasspath,testRuntimeClasspath
org.apache.httpcomponents.core5:httpcore5-h2:5.3.6=checkstyle,compileClasspath,pmd,productionRuntimeClasspath,runtimeClasspath,spotbugs,testCompileClasspath,testRuntimeClasspath
org.apache.httpcomponents.core5:httpcore5:5.3.6=checkstyle,compileClasspath,pmd,productionRuntimeClasspath,runtimeClasspath,spotbugs,testCompileClasspath,testRuntimeClasspath
org.apache.httpcomponents:httpclient:4.5.13=checkstyle
org.apache.httpcomponents:httpclient:4.5.14=compileClasspath,productionRuntimeClasspath,runtimeClasspath,testCompileClasspath,testRuntimeClasspath,tmpTestImplementation
org.apache.httpcomponents:httpcore:4.4.16=checkstyle,compileClasspath,productionRuntimeClasspath,runtimeClasspath,testCompileClasspath,testRuntimeClasspath,tmpTestImplementation
org.apache.logging.log4j:log4j-api:2.24.3=compileClasspath,productionRuntimeClasspath,runtimeClasspath,spotbugs,testCompileClasspath,testRuntimeClasspath,tmpTestImplementation
org.apache.logging.log4j:log4j-core:2.24.3=spotbugs
org.apache.logging.log4j:log4j-to-slf4j:2.24.3=compileClasspath,productionRuntimeClasspath,runtimeClasspath,testCompileClasspath,testRuntimeClasspath,tmpTestImplementation
org.apache.maven.doxia:doxia-core:1.12.0=checkstyle
org.apache.maven.doxia:doxia-logging-api:1.12.0=checkstyle
org.apache.maven.doxia:doxia-module-xdoc:1.12.0=checkstyle
org.apache.maven.doxia:doxia-sink-api:1.12.0=checkstyle
org.apache.tomcat.embed:tomcat-embed-core:10.1.53=compileClasspath,productionRuntimeClasspath,runtimeClasspath,testCompileClasspath,testRuntimeClasspath
org.apache.tomcat.embed:tomcat-embed-el:10.1.53=compileClasspath,productionRuntimeClasspath,runtimeClasspath,testCompileClasspath,testRuntimeClasspath
org.apache.tomcat.embed:tomcat-embed-websocket:10.1.53=compileClasspath,productionRuntimeClasspath,runtimeClasspath,testCompileClasspath,testRuntimeClasspath
org.apache.xbean:xbean-reflect:3.7=checkstyle
org.apiguardian:apiguardian-api:1.1.2=testCompileClasspath
org.assertj:assertj-core:3.27.7=testCompileClasspath,testRuntimeClasspath,tmpTestImplementation
org.awaitility:awaitility:4.2.2=testCompileClasspath,testRuntimeClasspath,tmpTestImplementation
org.checkerframework:checker-qual:3.37.0=annotationProcessor,testAnnotationProcessor
org.checkerframework:checker-qual:3.47.0=compileClasspath,testCompileClasspath
org.checkerframework:checker-qual:3.48.3=pmd
org.checkerframework:checker-qual:3.48.4=checkstyle
org.checkerframework:checker-qual:3.52.0=productionRuntimeClasspath,runtimeClasspath,testRuntimeClasspath
org.codehaus.mojo:animal-sniffer-annotations:1.24=productionRuntimeClasspath,runtimeClasspath,testRuntimeClasspath
org.codehaus.plexus:plexus-classworlds:2.6.0=checkstyle
org.codehaus.plexus:plexus-component-annotations:2.1.0=checkstyle
org.codehaus.plexus:plexus-container-default:2.1.0=checkstyle
org.codehaus.plexus:plexus-utils:3.3.0=checkstyle
org.conscrypt:conscrypt-openjdk-uber:2.5.2=compileClasspath,productionRuntimeClasspath,runtimeClasspath,testCompileClasspath,testRuntimeClasspath
org.dom4j:dom4j:2.1.4=spotbugs
org.flywaydb:flyway-core:11.7.2=compileClasspath,productionRuntimeClasspath,runtimeClasspath,testCompileClasspath,testRuntimeClasspath
org.flywaydb:flyway-database-postgresql:11.7.2=compileClasspath,productionRuntimeClasspath,runtimeClasspath,testCompileClasspath,testRuntimeClasspath
org.hamcrest:hamcrest-core:3.0=testCompileClasspath,testRuntimeClasspath,tmpTestImplementation
org.hamcrest:hamcrest:3.0=testCompileClasspath,testRuntimeClasspath,tmpTestImplementation
org.hdrhistogram:HdrHistogram:2.2.2=productionRuntimeClasspath,runtimeClasspath,testRuntimeClasspath
org.hibernate.validator:hibernate-validator:8.0.3.Final=compileClasspath,productionRuntimeClasspath,runtimeClasspath,testCompileClasspath,testRuntimeClasspath
org.jacoco:org.jacoco.agent:0.8.12=jacocoAgent,jacocoAnt
org.jacoco:org.jacoco.ant:0.8.12=jacocoAnt
org.jacoco:org.jacoco.core:0.8.12=jacocoAnt
org.jacoco:org.jacoco.report:0.8.12=jacocoAnt
org.javassist:javassist:3.28.0-GA=checkstyle
org.jboss.logging:jboss-logging:3.6.3.Final=compileClasspath,productionRuntimeClasspath,runtimeClasspath,testCompileClasspath,testRuntimeClasspath
org.jdbi:jdbi3-core:3.52.1=compileClasspath,productionRuntimeClasspath,runtimeClasspath,testCompileClasspath,testRuntimeClasspath
org.jdbi:jdbi3-jackson2:3.52.1=compileClasspath,productionRuntimeClasspath,runtimeClasspath,testCompileClasspath,testRuntimeClasspath
org.jdbi:jdbi3-json:3.52.1=compileClasspath,productionRuntimeClasspath,runtimeClasspath,testCompileClasspath,testRuntimeClasspath
org.jdbi:jdbi3-postgres:3.52.1=compileClasspath,productionRuntimeClasspath,runtimeClasspath,testCompileClasspath,testRuntimeClasspath
org.jdbi:jdbi3-spring5:3.52.1=compileClasspath,productionRuntimeClasspath,runtimeClasspath,testCompileClasspath,testRuntimeClasspath
org.jdbi:jdbi3-sqlobject:3.52.1=compileClasspath,productionRuntimeClasspath,runtimeClasspath,testCompileClasspath,testRuntimeClasspath
org.jetbrains:annotations:17.0.0=testCompileClasspath,testRuntimeClasspath,tmpTestImplementation
org.jsoup:jsoup:1.18.3=compileClasspath,productionRuntimeClasspath,runtimeClasspath,testCompileClasspath,testRuntimeClasspath
org.jspecify:jspecify:1.0.0=annotationProcessor,compileClasspath,productionRuntimeClasspath,runtimeClasspath,testAnnotationProcessor,testCompileClasspath,testRuntimeClasspath,tmpTestImplementation
org.junit.jupiter:junit-jupiter-api:5.12.2=testCompileClasspath,testRuntimeClasspath,tmpTestImplementation
org.junit.jupiter:junit-jupiter-engine:5.12.2=testRuntimeClasspath,tmpTestImplementation
org.junit.jupiter:junit-jupiter-params:5.12.2=testCompileClasspath,testRuntimeClasspath,tmpTestImplementation
org.junit.jupiter:junit-jupiter:5.12.2=testCompileClasspath,testRuntimeClasspath,tmpTestImplementation
org.junit.platform:junit-platform-commons:1.12.2=pitest,testCompileClasspath,testRuntimeClasspath,tmpTestImplementation
org.junit.platform:junit-platform-engine:1.12.2=pitest,testRuntimeClasspath,tmpTestImplementation
org.junit.platform:junit-platform-launcher:1.12.2=pitest,testRuntimeClasspath,tmpTestImplementation
org.junit:junit-bom:5.12.2=pitest,testCompileClasspath,testRuntimeClasspath,tmpTestImplementation
org.latencyutils:LatencyUtils:2.0.3=productionRuntimeClasspath,runtimeClasspath,testRuntimeClasspath
org.mockito:mockito-core:5.17.0=testCompileClasspath,testRuntimeClasspath,tmpTestImplementation
org.mockito:mockito-junit-jupiter:5.17.0=testCompileClasspath,testRuntimeClasspath,tmpTestImplementation
org.mozilla:rhino:1.7.7.2=testCompileClasspath,testRuntimeClasspath,tmpTestImplementation
org.objenesis:objenesis:3.3=testRuntimeClasspath,tmpTestImplementation
org.opentest4j:opentest4j:1.3.0=pitest,testCompileClasspath,testRuntimeClasspath,tmpTestImplementation
org.ow2.asm:asm-analysis:9.7=pitest,spotbugs
org.ow2.asm:asm-commons:9.7=jacocoAnt,pitest,spotbugs
org.ow2.asm:asm-tree:9.7=jacocoAnt,pitest,spotbugs
org.ow2.asm:asm-util:9.7=pitest,spotbugs
org.ow2.asm:asm:9.7=jacocoAnt,pitest,spotbugs
org.ow2.asm:asm:9.7.1=pmd,testCompileClasspath,testRuntimeClasspath,tmpTestImplementation
org.pcollections:pcollections:4.0.1=annotationProcessor,testAnnotationProcessor
org.pcollections:pcollections:4.0.2=pmd
org.pitest:pitest-command-line:1.17.0=pitest
org.pitest:pitest-entry:1.17.0=pitest
org.pitest:pitest-html-report:1.17.0=pitest
org.pitest:pitest-junit5-plugin:1.2.1=pitest
org.pitest:pitest:1.17.0=pitest
org.postgresql:postgresql:42.7.10=productionRuntimeClasspath,runtimeClasspath,testRuntimeClasspath
org.reactivestreams:reactive-streams:1.0.4=compileClasspath,productionRuntimeClasspath,runtimeClasspath,testCompileClasspath,testRuntimeClasspath
org.reflections:reflections:0.10.2=checkstyle
org.rnorth.duct-tape:duct-tape:1.0.8=testCompileClasspath,testRuntimeClasspath,tmpTestImplementation
org.skyscreamer:jsonassert:1.5.3=testCompileClasspath,testRuntimeClasspath,tmpTestImplementation
org.slf4j:jul-to-slf4j:2.0.17=compileClasspath,pmd,productionRuntimeClasspath,runtimeClasspath,testCompileClasspath,testRuntimeClasspath,tmpTestImplementation
org.slf4j:slf4j-api:2.0.17=compileClasspath,productionRuntimeClasspath,runtimeClasspath,spotbugs,spotbugsSlf4j,testCompileClasspath,testRuntimeClasspath,tmpTestImplementation
org.slf4j:slf4j-simple:2.0.0=spotbugsSlf4j
org.springframework.amqp:spring-amqp:3.2.9=compileClasspath,productionRuntimeClasspath,runtimeClasspath,testCompileClasspath,testRuntimeClasspath
org.springframework.amqp:spring-rabbit:3.2.9=compileClasspath,productionRuntimeClasspath,runtimeClasspath,testCompileClasspath,testRuntimeClasspath
org.springframework.boot:spring-boot-actuator-autoconfigure:3.5.13=compileClasspath,productionRuntimeClasspath,runtimeClasspath,testCompileClasspath,testRuntimeClasspath
org.springframework.boot:spring-boot-actuator:3.5.13=compileClasspath,productionRuntimeClasspath,runtimeClasspath,testCompileClasspath,testRuntimeClasspath
org.springframework.boot:spring-boot-autoconfigure:3.5.13=compileClasspath,productionRuntimeClasspath,runtimeClasspath,testCompileClasspath,testRuntimeClasspath,tmpTestImplementation
org.springframework.boot:spring-boot-starter-actuator:3.5.13=compileClasspath,productionRuntimeClasspath,runtimeClasspath,testCompileClasspath,testRuntimeClasspath
org.springframework.boot:spring-boot-starter-amqp:3.5.13=compileClasspath,productionRuntimeClasspath,runtimeClasspath,testCompileClasspath,testRuntimeClasspath
org.springframework.boot:spring-boot-starter-cache:3.5.13=compileClasspath,productionRuntimeClasspath,runtimeClasspath,testCompileClasspath,testRuntimeClasspath
org.springframework.boot:spring-boot-starter-jdbc:3.5.13=compileClasspath,productionRuntimeClasspath,runtimeClasspath,testCompileClasspath,testRuntimeClasspath
org.springframework.boot:spring-boot-starter-json:3.5.13=compileClasspath,productionRuntimeClasspath,runtimeClasspath,testCompileClasspath,testRuntimeClasspath
org.springframework.boot:spring-boot-starter-logging:3.5.13=compileClasspath,productionRuntimeClasspath,runtimeClasspath,testCompileClasspath,testRuntimeClasspath,tmpTestImplementation
org.springframework.boot:spring-boot-starter-security:3.5.13=compileClasspath,productionRuntimeClasspath,runtimeClasspath,testCompileClasspath,testRuntimeClasspath
org.springframework.boot:spring-boot-starter-test:3.5.13=testCompileClasspath,testRuntimeClasspath,tmpTestImplementation
org.springframework.boot:spring-boot-starter-tomcat:3.5.13=compileClasspath,productionRuntimeClasspath,runtimeClasspath,testCompileClasspath,testRuntimeClasspath
org.springframework.boot:spring-boot-starter-validation:3.5.13=compileClasspath,productionRuntimeClasspath,runtimeClasspath,testCompileClasspath,testRuntimeClasspath
org.springframework.boot:spring-boot-starter-web:3.5.13=compileClasspath,productionRuntimeClasspath,runtimeClasspath,testCompileClasspath,testRuntimeClasspath
org.springframework.boot:spring-boot-starter-websocket:3.5.13=compileClasspath,productionRuntimeClasspath,runtimeClasspath,testCompileClasspath,testRuntimeClasspath
org.springframework.boot:spring-boot-starter:3.5.13=compileClasspath,productionRuntimeClasspath,runtimeClasspath,testCompileClasspath,testRuntimeClasspath,tmpTestImplementation
org.springframework.boot:spring-boot-test-autoconfigure:3.5.13=testCompileClasspath,testRuntimeClasspath,tmpTestImplementation
org.springframework.boot:spring-boot-test:3.5.13=testCompileClasspath,testRuntimeClasspath,tmpTestImplementation
org.springframework.boot:spring-boot:3.5.13=compileClasspath,productionRuntimeClasspath,runtimeClasspath,testCompileClasspath,testRuntimeClasspath,tmpTestImplementation
org.springframework.retry:spring-retry:2.0.12=compileClasspath,productionRuntimeClasspath,runtimeClasspath,testCompileClasspath,testRuntimeClasspath
org.springframework.security:spring-security-config:6.5.9=compileClasspath,productionRuntimeClasspath,runtimeClasspath,testCompileClasspath,testRuntimeClasspath
org.springframework.security:spring-security-core:6.5.9=compileClasspath,productionRuntimeClasspath,runtimeClasspath,testCompileClasspath,testRuntimeClasspath,tmpTestImplementation
org.springframework.security:spring-security-crypto:6.5.9=compileClasspath,productionRuntimeClasspath,runtimeClasspath,testCompileClasspath,testRuntimeClasspath,tmpTestImplementation
org.springframework.security:spring-security-test:6.5.9=testCompileClasspath,testRuntimeClasspath,tmpTestImplementation
org.springframework.security:spring-security-web:6.5.9=compileClasspath,productionRuntimeClasspath,runtimeClasspath,testCompileClasspath,testRuntimeClasspath,tmpTestImplementation
org.springframework:spring-aop:6.2.17=compileClasspath,productionRuntimeClasspath,runtimeClasspath,testCompileClasspath,testRuntimeClasspath,tmpTestImplementation
org.springframework:spring-beans:6.2.17=compileClasspath,productionRuntimeClasspath,runtimeClasspath,testCompileClasspath,testRuntimeClasspath,tmpTestImplementation
org.springframework:spring-context-support:6.2.17=compileClasspath,productionRuntimeClasspath,runtimeClasspath,testCompileClasspath,testRuntimeClasspath
org.springframework:spring-context:6.2.17=compileClasspath,productionRuntimeClasspath,runtimeClasspath,testCompileClasspath,testRuntimeClasspath,tmpTestImplementation
org.springframework:spring-core:6.2.17=compileClasspath,productionRuntimeClasspath,runtimeClasspath,testCompileClasspath,testRuntimeClasspath,tmpTestImplementation
org.springframework:spring-expression:6.2.17=compileClasspath,productionRuntimeClasspath,runtimeClasspath,testCompileClasspath,testRuntimeClasspath,tmpTestImplementation
org.springframework:spring-jcl:6.2.17=testCompileClasspath,testRuntimeClasspath,tmpTestImplementation
org.springframework:spring-jdbc:6.2.17=compileClasspath,productionRuntimeClasspath,runtimeClasspath,testCompileClasspath,testRuntimeClasspath
org.springframework:spring-messaging:6.2.17=compileClasspath,productionRuntimeClasspath,runtimeClasspath,testCompileClasspath,testRuntimeClasspath
org.springframework:spring-test:6.2.17=testCompileClasspath,testRuntimeClasspath,tmpTestImplementation
org.springframework:spring-tx:6.2.17=compileClasspath,productionRuntimeClasspath,runtimeClasspath,testCompileClasspath,testRuntimeClasspath
org.springframework:spring-web:6.2.17=compileClasspath,productionRuntimeClasspath,runtimeClasspath,testCompileClasspath,testRuntimeClasspath,tmpTestImplementation
org.springframework:spring-webmvc:6.2.17=compileClasspath,productionRuntimeClasspath,runtimeClasspath,testCompileClasspath,testRuntimeClasspath
org.springframework:spring-websocket:6.2.17=compileClasspath,productionRuntimeClasspath,runtimeClasspath,testCompileClasspath,testRuntimeClasspath
org.testcontainers:database-commons:1.21.4=testCompileClasspath,testRuntimeClasspath,tmpTestImplementation
org.testcontainers:jdbc:1.21.4=testCompileClasspath,testRuntimeClasspath,tmpTestImplementation
org.testcontainers:junit-jupiter:1.21.4=testCompileClasspath,testRuntimeClasspath,tmpTestImplementation
org.testcontainers:postgresql:1.21.4=testCompileClasspath,testRuntimeClasspath,tmpTestImplementation
org.testcontainers:testcontainers:1.21.4=testCompileClasspath,testRuntimeClasspath,tmpTestImplementation
org.threeten:threetenbp:1.7.0=compileClasspath,productionRuntimeClasspath,runtimeClasspath,testCompileClasspath,testRuntimeClasspath
org.xmlresolver:xmlresolver:5.2.2=checkstyle,pmd,spotbugs
org.xmlunit:xmlunit-core:2.10.4=testCompileClasspath,testRuntimeClasspath,tmpTestImplementation
org.yaml:snakeyaml:2.4=compileClasspath,productionRuntimeClasspath,runtimeClasspath,testCompileClasspath,testRuntimeClasspath,tmpTestImplementation
software.amazon.awssdk:annotations:2.29.46=compileClasspath,productionRuntimeClasspath,runtimeClasspath,testCompileClasspath,testRuntimeClasspath
software.amazon.awssdk:apache-client:2.29.46=productionRuntimeClasspath,runtimeClasspath,testRuntimeClasspath
software.amazon.awssdk:arns:2.29.46=compileClasspath,productionRuntimeClasspath,runtimeClasspath,testCompileClasspath,testRuntimeClasspath
software.amazon.awssdk:auth:2.29.46=compileClasspath,productionRuntimeClasspath,runtimeClasspath,testCompileClasspath,testRuntimeClasspath
software.amazon.awssdk:aws-core:2.29.46=compileClasspath,productionRuntimeClasspath,runtimeClasspath,testCompileClasspath,testRuntimeClasspath
software.amazon.awssdk:aws-query-protocol:2.29.46=compileClasspath,productionRuntimeClasspath,runtimeClasspath,testCompileClasspath,testRuntimeClasspath
software.amazon.awssdk:aws-xml-protocol:2.29.46=compileClasspath,productionRuntimeClasspath,runtimeClasspath,testCompileClasspath,testRuntimeClasspath
software.amazon.awssdk:checksums-spi:2.29.46=compileClasspath,productionRuntimeClasspath,runtimeClasspath,testCompileClasspath,testRuntimeClasspath
software.amazon.awssdk:checksums:2.29.46=compileClasspath,productionRuntimeClasspath,runtimeClasspath,testCompileClasspath,testRuntimeClasspath
software.amazon.awssdk:crt-core:2.29.46=compileClasspath,productionRuntimeClasspath,runtimeClasspath,testCompileClasspath,testRuntimeClasspath
software.amazon.awssdk:endpoints-spi:2.29.46=compileClasspath,productionRuntimeClasspath,runtimeClasspath,testCompileClasspath,testRuntimeClasspath
software.amazon.awssdk:http-auth-aws-eventstream:2.29.46=compileClasspath,productionRuntimeClasspath,runtimeClasspath,testCompileClasspath,testRuntimeClasspath
software.amazon.awssdk:http-auth-aws:2.29.46=compileClasspath,productionRuntimeClasspath,runtimeClasspath,testCompileClasspath,testRuntimeClasspath
software.amazon.awssdk:http-auth-spi:2.29.46=compileClasspath,productionRuntimeClasspath,runtimeClasspath,testCompileClasspath,testRuntimeClasspath
software.amazon.awssdk:http-auth:2.29.46=compileClasspath,productionRuntimeClasspath,runtimeClasspath,testCompileClasspath,testRuntimeClasspath
software.amazon.awssdk:http-client-spi:2.29.46=compileClasspath,productionRuntimeClasspath,runtimeClasspath,testCompileClasspath,testRuntimeClasspath
software.amazon.awssdk:identity-spi:2.29.46=compileClasspath,productionRuntimeClasspath,runtimeClasspath,testCompileClasspath,testRuntimeClasspath
software.amazon.awssdk:json-utils:2.29.46=compileClasspath,productionRuntimeClasspath,runtimeClasspath,testCompileClasspath,testRuntimeClasspath
software.amazon.awssdk:metrics-spi:2.29.46=compileClasspath,productionRuntimeClasspath,runtimeClasspath,testCompileClasspath,testRuntimeClasspath
software.amazon.awssdk:netty-nio-client:2.29.46=productionRuntimeClasspath,runtimeClasspath,testRuntimeClasspath
software.amazon.awssdk:profiles:2.29.46=compileClasspath,productionRuntimeClasspath,runtimeClasspath,testCompileClasspath,testRuntimeClasspath
software.amazon.awssdk:protocol-core:2.29.46=compileClasspath,productionRuntimeClasspath,runtimeClasspath,testCompileClasspath,testRuntimeClasspath
software.amazon.awssdk:regions:2.29.46=compileClasspath,productionRuntimeClasspath,runtimeClasspath,testCompileClasspath,testRuntimeClasspath
software.amazon.awssdk:retries-spi:2.29.46=compileClasspath,productionRuntimeClasspath,runtimeClasspath,testCompileClasspath,testRuntimeClasspath
software.amazon.awssdk:retries:2.29.46=compileClasspath,productionRuntimeClasspath,runtimeClasspath,testCompileClasspath,testRuntimeClasspath
software.amazon.awssdk:s3:2.29.46=compileClasspath,productionRuntimeClasspath,runtimeClasspath,testCompileClasspath,testRuntimeClasspath
software.amazon.awssdk:sdk-core:2.29.46=compileClasspath,productionRuntimeClasspath,runtimeClasspath,testCompileClasspath,testRuntimeClasspath
software.amazon.awssdk:third-party-jackson-core:2.29.46=compileClasspath,productionRuntimeClasspath,runtimeClasspath,testCompileClasspath,testRuntimeClasspath
software.amazon.awssdk:utils:2.29.46=compileClasspath,productionRuntimeClasspath,runtimeClasspath,testCompileClasspath,testRuntimeClasspath
software.amazon.eventstream:eventstream:1.0.1=compileClasspath,productionRuntimeClasspath,runtimeClasspath,testCompileClasspath,testRuntimeClasspath
empty=developmentOnly,testAndDevelopmentOnly
